
Microsoft Visual Studio Solution File, Format Version 12.00
# Visual Studio 2013
VisualStudioVersion = 12.0.21005.1
MinimumVisualStudioVersion = 10.0.40219.1
Project("{FAE04EC0-301F-11D3-BF4B-00C04F79EFBC}") = "chu ki rsa", "chu ki rsa\chu ki rsa.csproj", "{A0201D59-F520-4F17-8E52-E7A5AC2D4679}"
EndProject
Global
	GlobalSection(SolutionConfigurationPlatforms) = preSolution
		Debug|Any CPU = Debug|Any CPU
		Release|Any CPU = Release|Any CPU
	EndGlobalSection
	GlobalSection(ProjectConfigurationPlatforms) = postSolution
		{A0201D59-F520-4F17-8E52-E7A5AC2D4679}.Debug|Any CPU.ActiveCfg = Debug|Any CPU
		{A0201D59-F520-4F17-8E52-E7A5AC2D4679}.Debug|Any CPU.Build.0 = Debug|Any CPU
		{A0201D59-F520-4F17-8E52-E7A5AC2D4679}.Release|Any CPU.ActiveCfg = Release|Any CPU
		{A0201D59-F520-4F17-8E52-E7A5AC2D4679}.Release|Any CPU.Build.0 = Release|Any CPU
	EndGlobalSection
	GlobalSection(SolutionProperties) = preSolution
		HideSolutionNode = FALSE
	EndGlobalSection
EndGlobal
